
Microsoft Visual Studio Solution File, Format Version 12.00
# Visual Studio Version 17
VisualStudioVersion = 17.14.36811.4 d17.14
MinimumVisualStudioVersion = 10.0.40219.1
Project("{FAE04EC0-301F-11D3-BF4B-00C04F79EFBC}") = "NamedPipeServer", "NamedPipeServer.csproj", "{12A0DAAC-B66C-4F74-92FC-FCF80EEB96AC}"
EndProject
Project("{FAE04EC0-301F-11D3-BF4B-00C04F79EFBC}") = "NamedPipeServerConsole", "..\NamedPipeServerConsole\NamedPipeServerConsole.csproj", "{C4C40A8E-37CB-44EA-BBDB-EF425D353070}"
EndProject
Project("{FAE04EC0-301F-11D3-BF4B-00C04F79EFBC}") = "NamedPipeClientConsole", "..\NamedPipeClientConsole\NamedPipeClientConsole.csproj", "{AD370CF7-4B7B-4793-8208-19851A493587}"
EndProject
Global
	GlobalSection(SolutionConfigurationPlatforms) = preSolution
		Debug|Any CPU = Debug|Any CPU
		Release|Any CPU = Release|Any CPU
	EndGlobalSection
	GlobalSection(ProjectConfigurationPlatforms) = postSolution
		{12A0DAAC-B66C-4F74-92FC-FCF80EEB96AC}.Debug|Any CPU.ActiveCfg = Debug|Any CPU
		{12A0DAAC-B66C-4F74-92FC-FCF80EEB96AC}.Debug|Any CPU.Build.0 = Debug|Any CPU
		{12A0DAAC-B66C-4F74-92FC-FCF80EEB96AC}.Release|Any CPU.ActiveCfg = Release|Any CPU
		{12A0DAAC-B66C-4F74-92FC-FCF80EEB96AC}.Release|Any CPU.Build.0 = Release|Any CPU
		{C4C40A8E-37CB-44EA-BBDB-EF425D353070}.Debug|Any CPU.ActiveCfg = Debug|Any CPU
		{C4C40A8E-37CB-44EA-BBDB-EF425D353070}.Debug|Any CPU.Build.0 = Debug|Any CPU
		{C4C40A8E-37CB-44EA-BBDB-EF425D353070}.Release|Any CPU.ActiveCfg = Release|Any CPU
		{C4C40A8E-37CB-44EA-BBDB-EF425D353070}.Release|Any CPU.Build.0 = Release|Any CPU
		{AD370CF7-4B7B-4793-8208-19851A493587}.Debug|Any CPU.ActiveCfg = Debug|Any CPU
		{AD370CF7-4B7B-4793-8208-19851A493587}.Debug|Any CPU.Build.0 = Debug|Any CPU
		{AD370CF7-4B7B-4793-8208-19851A493587}.Release|Any CPU.ActiveCfg = Release|Any CPU
		{AD370CF7-4B7B-4793-8208-19851A493587}.Release|Any CPU.Build.0 = Release|Any CPU
	EndGlobalSection
	GlobalSection(SolutionProperties) = preSolution
		HideSolutionNode = FALSE
	EndGlobalSection
	GlobalSection(ExtensibilityGlobals) = postSolution
		SolutionGuid = {7748ADD3-2D9C-4C8C-B79F-1CB01D16A66C}
	EndGlobalSection
EndGlobal
